// !$*UTF8*$!
{
	archiveVersion = 1;
	classes = {
	};
	objectVersion = 50;
	objects = {

/* Begin PBXBuildFile section */
		4DBF4CDA25D07232003B6DCB /* HelloWorldApp.swift in Sources */ = {isa = PBXBuildFile; fileRef = 4DBF4CD925D07232003B6DCB /* HelloWorldApp.swift */; };
		4DBF4CDC25D07232003B6DCB /* ContentView.swift in Sources */ = {isa = PBXBuildFile; fileRef = 4DBF4CDB25D07232003B6DCB /* ContentView.swift */; };
		4DBF4CDE25D07233003B6DCB /* Assets.xcassets in Resources */ = {isa = PBXBuildFile; fileRef = 4DBF4CDD25D07233003B6DCB /* Assets.xcassets */; };
		4DBF4CE125D07233003B6DCB /* Preview Assets.xcassets in Resources */ = {isa = PBXBuildFile; fileRef = 4DBF4CE025D07233003B6DCB /* Preview Assets.xcassets */; };
		4DBF4CEC25D07233003B6DCB /* HelloWorldTests.swift in Sources */ = {isa = PBXBuildFile; fileRef = 4DBF4CEB25D07233003B6DCB /* HelloWorldTests.swift */; };
		4DBF4CF725D07233003B6DCB /* HelloWorldUITests.swift in Sources */ = {isa = PBXBuildFile; fileRef = 4DBF4CF625D07233003B6DCB /* HelloWorldUITests.swift */; };
		4DBF4D1C25D0962E003B6DCB /* Hello.framework in Frameworks */ = {isa = PBXBuildFile; fileRef = 4DBF4D1B25D0962E003B6DCB /* Hello.framework */; };
		4DBF4D1D25D0962E003B6DCB /* Hello.framework in Frameworks */ = {isa = PBXBuildFile; fileRef = 4DBF4D1B25D0962E003B6DCB /* Hello.framework */; };
		4DBF4D1E25D0962E003B6DCB /* Hello.framework in Frameworks */ = {isa = PBXBuildFile; fileRef = 4DBF4D1B25D0962E003B6DCB /* Hello.framework */; };
/* End PBXBuildFile section */

/* Begin PBXContainerItemProxy section */
		4DBF4CE825D07233003B6DCB /* PBXContainerItemProxy */ = {
			isa = PBXContainerItemProxy;
			containerPortal = 4DBF4CCE25D07232003B6DCB /* Project object */;
			proxyType = 1;
			remoteGlobalIDString = 4DBF4CD525D07232003B6DCB;
			remoteInfo = HelloWorld;
		};
		4DBF4CF325D07233003B6DCB /* PBXContainerItemProxy */ = {
			isa = PBXContainerItemProxy;
			containerPortal = 4DBF4CCE25D07232003B6DCB /* Project object */;
			proxyType = 1;
			remoteGlobalIDString = 4DBF4CD525D07232003B6DCB;
			remoteInfo = HelloWorld;
		};
/* End PBXContainerItemProxy section */

/* Begin PBXCopyFilesBuildPhase section */
		4DBF4D0E25D092BD003B6DCB /* Embed Frameworks */ = {
			isa = PBXCopyFilesBuildPhase;
			buildActionMask = 2147483647;
			dstPath = "";
			dstSubfolderSpec = 10;
			files = (
			);
			name = "Embed Frameworks";
			runOnlyForDeploymentPostprocessing = 0;
		};
/* End PBXCopyFilesBuildPhase section */

/* Begin PBXFileReference section */
		4DBF4CD625D07232003B6DCB /* HelloWorld.app */ = {isa = PBXFileReference; explicitFileType = wrapper.application; includeInIndex = 0; path = HelloWorld.app; sourceTree = BUILT_PRODUCTS_DIR; };
		4DBF4CD925D07232003B6DCB /* HelloWorldApp.swift */ = {isa = PBXFileReference; lastKnownFileType = sourcecode.swift; path = HelloWorldApp.swift; sourceTree = "<group>"; };
		4DBF4CDB25D07232003B6DCB /* ContentView.swift */ = {isa = PBXFileReference; lastKnownFileType = sourcecode.swift; path = ContentView.swift; sourceTree = "<group>"; wrapsLines = 1; };
		4DBF4CDD25D07233003B6DCB /* Assets.xcassets */ = {isa = PBXFileReference; lastKnownFileType = folder.assetcatalog; path = Assets.xcassets; sourceTree = "<group>"; };
		4DBF4CE025D07233003B6DCB /* Preview Assets.xcassets */ = {isa = PBXFileReference; lastKnownFileType = folder.assetcatalog; path = "Preview Assets.xcassets"; sourceTree = "<group>"; };
		4DBF4CE225D07233003B6DCB /* Info.plist */ = {isa = PBXFileReference; lastKnownFileType = text.plist.xml; path = Info.plist; sourceTree = "<group>"; };
		4DBF4CE725D07233003B6DCB /* HelloWorldTests.xctest */ = {isa = PBXFileReference; explicitFileType = wrapper.cfbundle; includeInIndex = 0; path = HelloWorldTests.xctest; sourceTree = BUILT_PRODUCTS_DIR; };
		4DBF4CEB25D07233003B6DCB /* HelloWorldTests.swift */ = {isa = PBXFileReference; lastKnownFileType = sourcecode.swift; path = HelloWorldTests.swift; sourceTree = "<group>"; };
		4DBF4CED25D07233003B6DCB /* Info.plist */ = {isa = PBXFileReference; lastKnownFileType = text.plist.xml; path = Info.plist; sourceTree = "<group>"; };
		4DBF4CF225D07233003B6DCB /* HelloWorldUITests.xctest */ = {isa = PBXFileReference; explicitFileType = wrapper.cfbundle; includeInIndex = 0; path = HelloWorldUITests.xctest; sourceTree = BUILT_PRODUCTS_DIR; };
		4DBF4CF625D07233003B6DCB /* HelloWorldUITests.swift */ = {isa = PBXFileReference; lastKnownFileType = sourcecode.swift; path = HelloWorldUITests.swift; sourceTree = "<group>"; };
		4DBF4CF825D07233003B6DCB /* Info.plist */ = {isa = PBXFileReference; lastKnownFileType = text.plist.xml; path = Info.plist; sourceTree = "<group>"; };
		4DBF4D1B25D0962E003B6DCB /* Hello.framework */ = {isa = PBXFileReference; lastKnownFileType = wrapper.framework; name = Hello.framework; path = "../go-framework/Goo.framework"; sourceTree = "<group>"; };
/* End PBXFileReference section */

/* Begin PBXFrameworksBuildPhase section */
		4DBF4CD325D07232003B6DCB /* Frameworks */ = {
			isa = PBXFrameworksBuildPhase;
			buildActionMask = 2147483647;
			files = (
				4DBF4D1C25D0962E003B6DCB /* Hello.framework in Frameworks */,
			);
			runOnlyForDeploymentPostprocessing = 0;
		};
		4DBF4CE425D07233003B6DCB /* Frameworks */ = {
			isa = PBXFrameworksBuildPhase;
			buildActionMask = 2147483647;
			files = (
				4DBF4D1D25D0962E003B6DCB /* Hello.framework in Frameworks */,
			);
			runOnlyForDeploymentPostprocessing = 0;
		};
		4DBF4CEF25D07233003B6DCB /* Frameworks */ = {
			isa = PBXFrameworksBuildPhase;
			buildActionMask = 2147483647;
			files = (
				4DBF4D1E25D0962E003B6DCB /* Hello.framework in Frameworks */,
			);
			runOnlyForDeploymentPostprocessing = 0;
		};
/* End PBXFrameworksBuildPhase section */

/* Begin PBXGroup section */
		4DBF4CCD25D07232003B6DCB = {
			isa = PBXGroup;
			children = (
				4DBF4D1B25D0962E003B6DCB /* Hello.framework */,
				4DBF4CD825D07232003B6DCB /* HelloWorld */,
				4DBF4CEA25D07233003B6DCB /* HelloWorldTests */,
				4DBF4CF525D07233003B6DCB /* HelloWorldUITests */,
				4DBF4CD725D07232003B6DCB /* Products */,
			);
			sourceTree = "<group>";
		};
		4DBF4CD725D07232003B6DCB /* Products */ = {
			isa = PBXGroup;
			children = (
				4DBF4CD625D07232003B6DCB /* HelloWorld.app */,
				4DBF4CE725D07233003B6DCB /* HelloWorldTests.xctest */,
				4DBF4CF225D07233003B6DCB /* HelloWorldUITests.xctest */,
			);
			name = Products;
			sourceTree = "<group>";
		};
		4DBF4CD825D07232003B6DCB /* HelloWorld */ = {
			isa = PBXGroup;
			children = (
				4DBF4CD925D07232003B6DCB /* HelloWorldApp.swift */,
				4DBF4CDB25D07232003B6DCB /* ContentView.swift */,
				4DBF4CDD25D07233003B6DCB /* Assets.xcassets */,
				4DBF4CE225D07233003B6DCB /* Info.plist */,
				4DBF4CDF25D07233003B6DCB /* Preview Content */,
			);
			path = HelloWorld;
			sourceTree = "<group>";
		};
		4DBF4CDF25D07233003B6DCB /* Preview Content */ = {
			isa = PBXGroup;
			children = (
				4DBF4CE025D07233003B6DCB /* Preview Assets.xcassets */,
			);
			path = "Preview Content";
			sourceTree = "<group>";
		};
		4DBF4CEA25D07233003B6DCB /* HelloWorldTests */ = {
			isa = PBXGroup;
			children = (
				4DBF4CEB25D07233003B6DCB /* HelloWorldTests.swift */,
				4DBF4CED25D07233003B6DCB /* Info.plist */,
			);
			path = HelloWorldTests;
			sourceTree = "<group>";
		};
		4DBF4CF525D07233003B6DCB /* HelloWorldUITests */ = {
			isa = PBXGroup;
			children = (
				4DBF4CF625D07233003B6DCB /* HelloWorldUITests.swift */,
				4DBF4CF825D07233003B6DCB /* Info.plist */,
			);
			path = HelloWorldUITests;
			sourceTree = "<group>";
		};
/* End PBXGroup section */

/* Begin PBXNativeTarget section */
		4DBF4CD525D07232003B6DCB /* HelloWorld */ = {
			isa = PBXNativeTarget;
			buildConfigurationList = 4DBF4CFB25D07233003B6DCB /* Build configuration list for PBXNativeTarget "HelloWorld" */;
			buildPhases = (
				4DBF4CD225D07232003B6DCB /* Sources */,
				4DBF4CD325D07232003B6DCB /* Frameworks */,
				4DBF4CD425D07232003B6DCB /* Resources */,
				4DBF4D0E25D092BD003B6DCB /* Embed Frameworks */,
			);
			buildRules = (
			);
			dependencies = (
			);
			name = HelloWorld;
			productName = HelloWorld;
			productReference = 4DBF4CD625D07232003B6DCB /* HelloWorld.app */;
			productType = "com.apple.product-type.application";
		};
		4DBF4CE625D07233003B6DCB /* HelloWorldTests */ = {
			isa = PBXNativeTarget;
			buildConfigurationList = 4DBF4CFE25D07233003B6DCB /* Build configuration list for PBXNativeTarget "HelloWorldTests" */;
			buildPhases = (
				4DBF4CE325D07233003B6DCB /* Sources */,
				4DBF4CE425D07233003B6DCB /* Frameworks */,
				4DBF4CE525D07233003B6DCB /* Resources */,
			);
			buildRules = (
			);
			dependencies = (
				4DBF4CE925D07233003B6DCB /* PBXTargetDependency */,
			);
			name = HelloWorldTests;
			productName = HelloWorldTests;
			productReference = 4DBF4CE725D07233003B6DCB /* HelloWorldTests.xctest */;
			productType = "com.apple.product-type.bundle.unit-test";
		};
		4DBF4CF125D07233003B6DCB /* HelloWorldUITests */ = {
			isa = PBXNativeTarget;
			buildConfigurationList = 4DBF4D0125D07233003B6DCB /* Build configuration list for PBXNativeTarget "HelloWorldUITests" */;
			buildPhases = (
				4DBF4CEE25D07233003B6DCB /* Sources */,
				4DBF4CEF25D07233003B6DCB /* Frameworks */,
				4DBF4CF025D07233003B6DCB /* Resources */,
			);
			buildRules = (
			);
			dependencies = (
				4DBF4CF425D07233003B6DCB /* PBXTargetDependency */,
			);
			name = HelloWorldUITests;
			productName = HelloWorldUITests;
			productReference = 4DBF4CF225D07233003B6DCB /* HelloWorldUITests.xctest */;
			productType = "com.apple.product-type.bundle.ui-testing";
		};
/* End PBXNativeTarget section */

/* Begin PBXProject section */
		4DBF4CCE25D07232003B6DCB /* Project object */ = {
			isa = PBXProject;
			attributes = {
				LastSwiftUpdateCheck = 1240;
				LastUpgradeCheck = 1240;
				TargetAttributes = {
					4DBF4CD525D07232003B6DCB = {
						CreatedOnToolsVersion = 12.4;
					};
					4DBF4CE625D07233003B6DCB = {
						CreatedOnToolsVersion = 12.4;
						TestTargetID = 4DBF4CD525D07232003B6DCB;
					};
					4DBF4CF125D07233003B6DCB = {
						CreatedOnToolsVersion = 12.4;
						TestTargetID = 4DBF4CD525D07232003B6DCB;
					};
				};
			};
			buildConfigurationList = 4DBF4CD125D07232003B6DCB /* Build configuration list for PBXProject "HelloWorld" */;
			compatibilityVersion = "Xcode 9.3";
			developmentRegion = en;
			hasScannedForEncodings = 0;
			knownRegions = (
				en,
				Base,
			);
			mainGroup = 4DBF4CCD25D07232003B6DCB;
			productRefGroup = 4DBF4CD725D07232003B6DCB /* Products */;
			projectDirPath = "";
			projectRoot = "";
			targets = (
				4DBF4CD525D07232003B6DCB /* HelloWorld */,
				4DBF4CE625D07233003B6DCB /* HelloWorldTests */,
				4DBF4CF125D07233003B6DCB /* HelloWorldUITests */,
			);
		};
/* End PBXProject section */

/* Begin PBXResourcesBuildPhase section */
		4DBF4CD425D07232003B6DCB /* Resources */ = {
			isa = PBXResourcesBuildPhase;
			buildActionMask = 2147483647;
			files = (
				4DBF4CE125D07233003B6DCB /* Preview Assets.xcassets in Resources */,
				4DBF4CDE25D07233003B6DCB /* Assets.xcassets in Resources */,
			);
			runOnlyForDeploymentPostprocessing = 0;
		};
		4DBF4CE525D07233003B6DCB /* Resources */ = {
			isa = PBXResourcesBuildPhase;
			buildActionMask = 2147483647;
			files = (
			);
			runOnlyForDeploymentPostprocessing = 0;
		};
		4DBF4CF025D07233003B6DCB /* Resources */ = {
			isa = PBXResourcesBuildPhase;
			buildActionMask = 2147483647;
			files = (
			);
			runOnlyForDeploymentPostprocessing = 0;
		};
/* End PBXResourcesBuildPhase section */

/* Begin PBXSourcesBuildPhase section */
		4DBF4CD225D07232003B6DCB /* Sources */ = {
			isa = PBXSourcesBuildPhase;
			buildActionMask = 2147483647;
			files = (
				4DBF4CDC25D07232003B6DCB /* ContentView.swift in Sources */,
				4DBF4CDA25D07232003B6DCB /* HelloWorldApp.swift in Sources */,
			);
			runOnlyForDeploymentPostprocessing = 0;
		};
		4DBF4CE325D07233003B6DCB /* Sources */ = {
			isa = PBXSourcesBuildPhase;
			buildActionMask = 2147483647;
			files = (
				4DBF4CEC25D07233003B6DCB /* HelloWorldTests.swift in Sources */,
			);
			runOnlyForDeploymentPostprocessing = 0;
		};
		4DBF4CEE25D07233003B6DCB /* Sources */ = {
			isa = PBXSourcesBuildPhase;
			buildActionMask = 2147483647;
			files = (
				4DBF4CF725D07233003B6DCB /* HelloWorldUITests.swift in Sources */,
			);
			runOnlyForDeploymentPostprocessing = 0;
		};
/* End PBXSourcesBuildPhase section */

/* Begin PBXTargetDependency section */
		4DBF4CE925D07233003B6DCB /* PBXTargetDependency */ = {
			isa = PBXTargetDependency;
			target = 4DBF4CD525D07232003B6DCB /* HelloWorld */;
			targetProxy = 4DBF4CE825D07233003B6DCB /* PBXContainerItemProxy */;
		};
		4DBF4CF425D07233003B6DCB /* PBXTargetDependency */ = {
			isa = PBXTargetDependency;
			target = 4DBF4CD525D07232003B6DCB /* HelloWorld */;
			targetProxy = 4DBF4CF325D07233003B6DCB /* PBXContainerItemProxy */;
		};
/* End PBXTargetDependency section */

/* Begin XCBuildConfiguration section */
		4DBF4CF925D07233003B6DCB /* Debug */ = {
			isa = XCBuildConfiguration;
			buildSettings = {
				ALWAYS_SEARCH_USER_PATHS = NO;
				CLANG_ANALYZER_NONNULL = YES;
				CLANG_ANALYZER_NUMBER_OBJECT_CONVERSION = YES_AGGRESSIVE;
				CLANG_CXX_LANGUAGE_STANDARD = "gnu++14";
				CLANG_CXX_LIBRARY = "libc++";
				CLANG_ENABLE_MODULES = YES;
				CLANG_ENABLE_OBJC_ARC = YES;
				CLANG_ENABLE_OBJC_WEAK = YES;
				CLANG_WARN_BLOCK_CAPTURE_AUTORELEASING = YES;
				CLANG_WARN_BOOL_CONVERSION = YES;
				CLANG_WARN_COMMA = YES;
				CLANG_WARN_CONSTANT_CONVERSION = YES;
				CLANG_WARN_DEPRECATED_OBJC_IMPLEMENTATIONS = YES;
				CLANG_WARN_DIRECT_OBJC_ISA_USAGE = YES_ERROR;
				CLANG_WARN_DOCUMENTATION_COMMENTS = YES;
				CLANG_WARN_EMPTY_BODY = YES;
				CLANG_WARN_ENUM_CONVERSION = YES;
				CLANG_WARN_INFINITE_RECURSION = YES;
				CLANG_WARN_INT_CONVERSION = YES;
				CLANG_WARN_NON_LITERAL_NULL_CONVERSION = YES;
				CLANG_WARN_OBJC_IMPLICIT_RETAIN_SELF = YES;
				CLANG_WARN_OBJC_LITERAL_CONVERSION = YES;
				CLANG_WARN_OBJC_ROOT_CLASS = YES_ERROR;
				CLANG_WARN_QUOTED_INCLUDE_IN_FRAMEWORK_HEADER = YES;
				CLANG_WARN_RANGE_LOOP_ANALYSIS = YES;
				CLANG_WARN_STRICT_PROTOTYPES = YES;
				CLANG_WARN_SUSPICIOUS_MOVE = YES;
				CLANG_WARN_UNGUARDED_AVAILABILITY = YES_AGGRESSIVE;
				CLANG_WARN_UNREACHABLE_CODE = YES;
				CLANG_WARN__DUPLICATE_METHOD_MATCH = YES;
				COPY_PHASE_STRIP = NO;
				DEBUG_INFORMATION_FORMAT = dwarf;
				ENABLE_STRICT_OBJC_MSGSEND = YES;
				ENABLE_TESTABILITY = YES;
				GCC_C_LANGUAGE_STANDARD = gnu11;
				GCC_DYNAMIC_NO_PIC = NO;
				GCC_NO_COMMON_BLOCKS = YES;
				GCC_OPTIMIZATION_LEVEL = 0;
				GCC_PREPROCESSOR_DEFINITIONS = (
					"DEBUG=1",
					"$(inherited)",
				);
				GCC_WARN_64_TO_32_BIT_CONVERSION = YES;
				GCC_WARN_ABOUT_RETURN_TYPE = YES_ERROR;
				GCC_WARN_UNDECLARED_SELECTOR = YES;
				GCC_WARN_UNINITIALIZED_AUTOS = YES_AGGRESSIVE;
				GCC_WARN_UNUSED_FUNCTION = YES;
				GCC_WARN_UNUSED_VARIABLE = YES;
				IPHONEOS_DEPLOYMENT_TARGET = 14.4;
				MTL_ENABLE_DEBUG_INFO = INCLUDE_SOURCE;
				MTL_FAST_MATH = YES;
				ONLY_ACTIVE_ARCH = YES;
				SDKROOT = iphoneos;
				SWIFT_ACTIVE_COMPILATION_CONDITIONS = DEBUG;
				SWIFT_OPTIMIZATION_LEVEL = "-Onone";
			};
			name = Debug;
		};
		4DBF4CFA25D07233003B6DCB /* Release */ = {
			isa = XCBuildConfiguration;
			buildSettings = {
				ALWAYS_SEARCH_USER_PATHS = NO;
				CLANG_ANALYZER_NONNULL = YES;
				CLANG_ANALYZER_NUMBER_OBJECT_CONVERSION = YES_AGGRESSIVE;
				CLANG_CXX_LANGUAGE_STANDARD = "gnu++14";
				CLANG_CXX_LIBRARY = "libc++";
				CLANG_ENABLE_MODULES = YES;
				CLANG_ENABLE_OBJC_ARC = YES;
				CLANG_ENABLE_OBJC_WEAK = YES;
				CLANG_WARN_BLOCK_CAPTURE_AUTORELEASING = YES;
				CLANG_WARN_BOOL_CONVERSION = YES;
				CLANG_WARN_COMMA = YES;
				CLANG_WARN_CONSTANT_CONVERSION = YES;
				CLANG_WARN_DEPRECATED_OBJC_IMPLEMENTATIONS = YES;
				CLANG_WARN_DIRECT_OBJC_ISA_USAGE = YES_ERROR;
				CLANG_WARN_DOCUMENTATION_COMMENTS = YES;
				CLANG_WARN_EMPTY_BODY = YES;
				CLANG_WARN_ENUM_CONVERSION = YES;
				CLANG_WARN_INFINITE_RECURSION = YES;
				CLANG_WARN_INT_CONVERSION = YES;
				CLANG_WARN_NON_LITERAL_NULL_CONVERSION = YES;
				CLANG_WARN_OBJC_IMPLICIT_RETAIN_SELF = YES;
				CLANG_WARN_OBJC_LITERAL_CONVERSION = YES;
				CLANG_WARN_OBJC_ROOT_CLASS = YES_ERROR;
				CLANG_WARN_QUOTED_INCLUDE_IN_FRAMEWORK_HEADER = YES;
				CLANG_WARN_RANGE_LOOP_ANALYSIS = YES;
				CLANG_WARN_STRICT_PROTOTYPES = YES;
				CLANG_WARN_SUSPICIOUS_MOVE = YES;
				CLANG_WARN_UNGUARDED_AVAILABILITY = YES_AGGRESSIVE;
				CLANG_WARN_UNREACHABLE_CODE = YES;
				CLANG_WARN__DUPLICATE_METHOD_MATCH = YES;
				COPY_PHASE_STRIP = NO;
				DEBUG_INFORMATION_FORMAT = "dwarf-with-dsym";
				ENABLE_NS_ASSERTIONS = NO;
				ENABLE_STRICT_OBJC_MSGSEND = YES;
				GCC_C_LANGUAGE_STANDARD = gnu11;
				GCC_NO_COMMON_BLOCKS = YES;
				GCC_WARN_64_TO_32_BIT_CONVERSION = YES;
				GCC_WARN_ABOUT_RETURN_TYPE = YES_ERROR;
				GCC_WARN_UNDECLARED_SELECTOR = YES;
				GCC_WARN_UNINITIALIZED_AUTOS = YES_AGGRESSIVE;
				GCC_WARN_UNUSED_FUNCTION = YES;
				GCC_WARN_UNUSED_VARIABLE = YES;
				IPHONEOS_DEPLOYMENT_TARGET = 14.4;
				MTL_ENABLE_DEBUG_INFO = NO;
				MTL_FAST_MATH = YES;
				SDKROOT = iphoneos;
				SWIFT_COMPILATION_MODE = wholemodule;
				SWIFT_OPTIMIZATION_LEVEL = "-O";
				VALIDATE_PRODUCT = YES;
			};
			name = Release;
		};
		4DBF4CFC25D07233003B6DCB /* Debug */ = {
			isa = XCBuildConfiguration;
			buildSettings = {
				ASSETCATALOG_COMPILER_APPICON_NAME = AppIcon;
				ASSETCATALOG_COMPILER_GLOBAL_ACCENT_COLOR_NAME = AccentColor;
				CODE_SIGN_STYLE = Automatic;
				DEVELOPMENT_ASSET_PATHS = "\"HelloWorld/Preview Content\"";
				DEVELOPMENT_TEAM = NUJL8X8ZQG;
				ENABLE_PREVIEWS = YES;
				FRAMEWORK_SEARCH_PATHS = (
					"$(inherited)",
					"$(PROJECT_DIR)",
					"$(PROJECT_DIR)/../go-framework",
				);
				INFOPLIST_FILE = HelloWorld/Info.plist;
				IPHONEOS_DEPLOYMENT_TARGET = 14.0;
				LD_RUNPATH_SEARCH_PATHS = (
					"$(inherited)",
					"@executable_path/Frameworks",
					"$(PROJECT_DIR)/../go-framework",
				);
				PRODUCT_BUNDLE_IDENTIFIER = com.rhyason.HelloWorld;
				PRODUCT_NAME = "$(TARGET_NAME)";
				SWIFT_VERSION = 5.0;
				TARGETED_DEVICE_FAMILY = "1,2";
			};
			name = Debug;
		};
		4DBF4CFD25D07233003B6DCB /* Release */ = {
			isa = XCBuildConfiguration;
			buildSettings = {
				ASSETCATALOG_COMPILER_APPICON_NAME = AppIcon;
				ASSETCATALOG_COMPILER_GLOBAL_ACCENT_COLOR_NAME = AccentColor;
				CODE_SIGN_STYLE = Automatic;
				DEVELOPMENT_ASSET_PATHS = "\"HelloWorld/Preview Content\"";
				DEVELOPMENT_TEAM = NUJL8X8ZQG;
				ENABLE_PREVIEWS = YES;
				FRAMEWORK_SEARCH_PATHS = (
					"$(inherited)",
					"$(PROJECT_DIR)",
					"$(PROJECT_DIR)/../go-framework",
				);
				INFOPLIST_FILE = HelloWorld/Info.plist;
				IPHONEOS_DEPLOYMENT_TARGET = 14.0;
				LD_RUNPATH_SEARCH_PATHS = (
					"$(inherited)",
					"@executable_path/Frameworks",
					"$(PROJECT_DIR)/../go-framework",
				);
				PRODUCT_BUNDLE_IDENTIFIER = com.rhyason.HelloWorld;
				PRODUCT_NAME = "$(TARGET_NAME)";
				SWIFT_VERSION = 5.0;
				TARGETED_DEVICE_FAMILY = "1,2";
			};
			name = Release;
		};
		4DBF4CFF25D07233003B6DCB /* Debug */ = {
			isa = XCBuildConfiguration;
			buildSettings = {
				ALWAYS_EMBED_SWIFT_STANDARD_LIBRARIES = YES;
				BUNDLE_LOADER = "$(TEST_HOST)";
				CODE_SIGN_STYLE = Automatic;
				FRAMEWORK_SEARCH_PATHS = (
					"$(inherited)",
					"$(PROJECT_DIR)",
				);
				INFOPLIST_FILE = HelloWorldTests/Info.plist;
				IPHONEOS_DEPLOYMENT_TARGET = 14.0;
				LD_RUNPATH_SEARCH_PATHS = (
					"$(inherited)",
					"@executable_path/Frameworks",
					"@loader_path/Frameworks",
				);
				PRODUCT_BUNDLE_IDENTIFIER = com.rhyason.HelloWorldTests;
				PRODUCT_NAME = "$(TARGET_NAME)";
				SWIFT_VERSION = 5.0;
				TARGETED_DEVICE_FAMILY = "1,2";
				TEST_HOST = "$(BUILT_PRODUCTS_DIR)/HelloWorld.app/HelloWorld";
			};
			name = Debug;
		};
		4DBF4D0025D07233003B6DCB /* Release */ = {
			isa = XCBuildConfiguration;
			buildSettings = {
				ALWAYS_EMBED_SWIFT_STANDARD_LIBRARIES = YES;
				BUNDLE_LOADER = "$(TEST_HOST)";
				CODE_SIGN_STYLE = Automatic;
				FRAMEWORK_SEARCH_PATHS = (
					"$(inherited)",
					"$(PROJECT_DIR)",
				);
				INFOPLIST_FILE = HelloWorldTests/Info.plist;
				IPHONEOS_DEPLOYMENT_TARGET = 14.0;
				LD_RUNPATH_SEARCH_PATHS = (
					"$(inherited)",
					"@executable_path/Frameworks",
					"@loader_path/Frameworks",
				);
				PRODUCT_BUNDLE_IDENTIFIER = com.rhyason.HelloWorldTests;
				PRODUCT_NAME = "$(TARGET_NAME)";
				SWIFT_VERSION = 5.0;
				TARGETED_DEVICE_FAMILY = "1,2";
				TEST_HOST = "$(BUILT_PRODUCTS_DIR)/HelloWorld.app/HelloWorld";
			};
			name = Release;
		};
		4DBF4D0225D07233003B6DCB /* Debug */ = {
			isa = XCBuildConfiguration;
			buildSettings = {
				ALWAYS_EMBED_SWIFT_STANDARD_LIBRARIES = YES;
				CODE_SIGN_STYLE = Automatic;
				FRAMEWORK_SEARCH_PATHS = (
					"$(inherited)",
					"$(PROJECT_DIR)",
				);
				INFOPLIST_FILE = HelloWorldUITests/Info.plist;
				LD_RUNPATH_SEARCH_PATHS = (
					"$(inherited)",
					"@executable_path/Frameworks",
					"@loader_path/Frameworks",
				);
				PRODUCT_BUNDLE_IDENTIFIER = com.rhyason.HelloWorldUITests;
				PRODUCT_NAME = "$(TARGET_NAME)";
				SWIFT_VERSION = 5.0;
				TARGETED_DEVICE_FAMILY = "1,2";
				TEST_TARGET_NAME = HelloWorld;
			};
			name = Debug;
		};
		4DBF4D0325D07233003B6DCB /* Release */ = {
			isa = XCBuildConfiguration;
			buildSettings = {
				ALWAYS_EMBED_SWIFT_STANDARD_LIBRARIES = YES;
				CODE_SIGN_STYLE = Automatic;
				FRAMEWORK_SEARCH_PATHS = (
					"$(inherited)",
					"$(PROJECT_DIR)",
				);
				INFOPLIST_FILE = HelloWorldUITests/Info.plist;
				LD_RUNPATH_SEARCH_PATHS = (
					"$(inherited)",
					"@executable_path/Frameworks",
					"@loader_path/Frameworks",
				);
				PRODUCT_BUNDLE_IDENTIFIER = com.rhyason.HelloWorldUITests;
				PRODUCT_NAME = "$(TARGET_NAME)";
				SWIFT_VERSION = 5.0;
				TARGETED_DEVICE_FAMILY = "1,2";
				TEST_TARGET_NAME = HelloWorld;
			};
			name = Release;
		};
/* End XCBuildConfiguration section */

/* Begin XCConfigurationList section */
		4DBF4CD125D07232003B6DCB /* Build configuration list for PBXProject "HelloWorld" */ = {
			isa = XCConfigurationList;
			buildConfigurations = (
				4DBF4CF925D07233003B6DCB /* Debug */,
				4DBF4CFA25D07233003B6DCB /* Release */,
			);
			defaultConfigurationIsVisible = 0;
			defaultConfigurationName = Release;
		};
		4DBF4CFB25D07233003B6DCB /* Build configuration list for PBXNativeTarget "HelloWorld" */ = {
			isa = XCConfigurationList;
			buildConfigurations = (
				4DBF4CFC25D07233003B6DCB /* Debug */,
				4DBF4CFD25D07233003B6DCB /* Release */,
			);
			defaultConfigurationIsVisible = 0;
			defaultConfigurationName = Release;
		};
		4DBF4CFE25D07233003B6DCB /* Build configuration list for PBXNativeTarget "HelloWorldTests" */ = {
			isa = XCConfigurationList;
			buildConfigurations = (
				4DBF4CFF25D07233003B6DCB /* Debug */,
				4DBF4D0025D07233003B6DCB /* Release */,
			);
			defaultConfigurationIsVisible = 0;
			defaultConfigurationName = Release;
		};
		4DBF4D0125D07233003B6DCB /* Build configuration list for PBXNativeTarget "HelloWorldUITests" */ = {
			isa = XCConfigurationList;
			buildConfigurations = (
				4DBF4D0225D07233003B6DCB /* Debug */,
				4DBF4D0325D07233003B6DCB /* Release */,
			);
			defaultConfigurationIsVisible = 0;
			defaultConfigurationName = Release;
		};
/* End XCConfigurationList section */
	};
	rootObject = 4DBF4CCE25D07232003B6DCB /* Project object */;
}
